PODS:
  - PromiseKit (4.2.2):
    - PromiseKit/Foundation (= 4.2.2)
    - PromiseKit/QuartzCore (= 4.2.2)
    - PromiseKit/UIKit (= 4.2.2)
  - PromiseKit/CorePromise (4.2.2)
  - PromiseKit/Foundation (4.2.2):
    - PromiseKit/CorePromise
  - PromiseKit/QuartzCore (4.2.2):
    - PromiseKit/CorePromise
  - PromiseKit/UIKit (4.2.2):
    - PromiseKit/CorePromise

DEPENDENCIES:
  - PromiseKit

SPEC CHECKSUMS:
  PromiseKit: 00e8886881f151c7e573d06b437915b0bb2970ec

PODFILE CHECKSUM: f38e751d375ea3a8a520b434a17a98fa3210056c

COCOAPODS: 1.2.0.beta.3
