// !$*UTF8*$!
{
	archiveVersion = 1;
	classes = {
	};
	objectVersion = 46;
	objects = {

/* Begin PBXBuildFile section */
		C8473BF81F62A6CB006ADF73 /* AppDelegate.swift in Sources */ = {isa = PBXBuildFile; fileRef = C8473BF71F62A6CB006ADF73 /* AppDelegate.swift */; };
		C8473BFA1F62A6CB006ADF73 /* ViewController.swift in Sources */ = {isa = PBXBuildFile; fileRef = C8473BF91F62A6CB006ADF73 /* ViewController.swift */; };
		C8473BFD1F62A6CB006ADF73 /* Main.storyboard in Resources */ = {isa = PBXBuildFile; fileRef = C8473BFB1F62A6CB006ADF73 /* Main.storyboard */; };
		C8473BFF1F62A6CB006ADF73 /* Assets.xcassets in Resources */ = {isa = PBXBuildFile; fileRef = C8473BFE1F62A6CB006ADF73 /* Assets.xcassets */; };
		C8473C021F62A6CB006ADF73 /* LaunchScreen.storyboard in Resources */ = {isa = PBXBuildFile; fileRef = C8473C001F62A6CB006ADF73 /* LaunchScreen.storyboard */; };
		C8473C111F62AB7A006ADF73 /* TrolleyNetworkingTools.framework in Frameworks */ = {isa = PBXBuildFile; fileRef = C8473C101F62AB7A006ADF73 /* TrolleyNetworkingTools.framework */; };
		C8473C131F62AB85006ADF73 /* TrolleyNetworkingTools.framework in Embed Frameworks */ = {isa = PBXBuildFile; fileRef = C8473C101F62AB7A006ADF73 /* TrolleyNetworkingTools.framework */; settings = {ATTRIBUTES = (CodeSignOnCopy, RemoveHeadersOnCopy, ); }; };
/* End PBXBuildFile section */

/* Begin PBXCopyFilesBuildPhase section */
		C8473C0F1F62A948006ADF73 /* Embed Frameworks */ = {
			isa = PBXCopyFilesBuildPhase;
			buildActionMask = 2147483647;
			dstPath = "";
			dstSubfolderSpec = 10;
			files = (
				C8473C131F62AB85006ADF73 /* TrolleyNetworkingTools.framework in Embed Frameworks */,
			);
			name = "Embed Frameworks";
			runOnlyForDeploymentPostprocessing = 0;
		};
/* End PBXCopyFilesBuildPhase section */

/* Begin PBXFileReference section */
		C8473BF41F62A6CB006ADF73 /* TestTNT.app */ = {isa = PBXFileReference; explicitFileType = wrapper.application; includeInIndex = 0; path = TestTNT.app; sourceTree = BUILT_PRODUCTS_DIR; };
		C8473BF71F62A6CB006ADF73 /* AppDelegate.swift */ = {isa = PBXFileReference; lastKnownFileType = sourcecode.swift; path = AppDelegate.swift; sourceTree = "<group>"; };
		C8473BF91F62A6CB006ADF73 /* ViewController.swift */ = {isa = PBXFileReference; lastKnownFileType = sourcecode.swift; path = ViewController.swift; sourceTree = "<group>"; };
		C8473BFC1F62A6CB006ADF73 /* Base */ = {isa = PBXFileReference; lastKnownFileType = file.storyboard; name = Base; path = Base.lproj/Main.storyboard; sourceTree = "<group>"; };
		C8473BFE1F62A6CB006ADF73 /* Assets.xcassets */ = {isa = PBXFileReference; lastKnownFileType = folder.assetcatalog; path = Assets.xcassets; sourceTree = "<group>"; };
		C8473C011F62A6CB006ADF73 /* Base */ = {isa = PBXFileReference; lastKnownFileType = file.storyboard; name = Base; path = Base.lproj/LaunchScreen.storyboard; sourceTree = "<group>"; };
		C8473C031F62A6CB006ADF73 /* Info.plist */ = {isa = PBXFileReference; lastKnownFileType = text.plist.xml; path = Info.plist; sourceTree = "<group>"; };
		C8473C101F62AB7A006ADF73 /* TrolleyNetworkingTools.framework */ = {isa = PBXFileReference; lastKnownFileType = wrapper.framework; path = TrolleyNetworkingTools.framework; sourceTree = "<group>"; };
/* End PBXFileReference section */

/* Begin PBXFrameworksBuildPhase section */
		C8473BF11F62A6CB006ADF73 /* Frameworks */ = {
			isa = PBXFrameworksBuildPhase;
			buildActionMask = 2147483647;
			files = (
				C8473C111F62AB7A006ADF73 /* TrolleyNetworkingTools.framework in Frameworks */,
			);
			runOnlyForDeploymentPostprocessing = 0;
		};
/* End PBXFrameworksBuildPhase section */

/* Begin PBXGroup section */
		C8473BEB1F62A6CB006ADF73 = {
			isa = PBXGroup;
			children = (
				C8473BF61F62A6CB006ADF73 /* TestTNT */,
				C8473BF51F62A6CB006ADF73 /* Products */,
				C8473C101F62AB7A006ADF73 /* TrolleyNetworkingTools.framework */,
			);
			sourceTree = "<group>";
		};
		C8473BF51F62A6CB006ADF73 /* Products */ = {
			isa = PBXGroup;
			children = (
				C8473BF41F62A6CB006ADF73 /* TestTNT.app */,
			);
			name = Products;
			sourceTree = "<group>";
		};
		C8473BF61F62A6CB006ADF73 /* TestTNT */ = {
			isa = PBXGroup;
			children = (
				C8473BF71F62A6CB006ADF73 /* AppDelegate.swift */,
				C8473BF91F62A6CB006ADF73 /* ViewController.swift */,
				C8473BFB1F62A6CB006ADF73 /* Main.storyboard */,
				C8473BFE1F62A6CB006ADF73 /* Assets.xcassets */,
				C8473C001F62A6CB006ADF73 /* LaunchScreen.storyboard */,
				C8473C031F62A6CB006ADF73 /* Info.plist */,
			);
			path = TestTNT;
			sourceTree = "<group>";
		};
/* End PBXGroup section */

/* Begin PBXNativeTarget section */
		C8473BF31F62A6CB006ADF73 /* TestTNT */ = {
			isa = PBXNativeTarget;
			buildConfigurationList = C8473C061F62A6CB006ADF73 /* Build configuration list for PBXNativeTarget "TestTNT" */;
			buildPhases = (
				C8473BF01F62A6CB006ADF73 /* Sources */,
				C8473BF11F62A6CB006ADF73 /* Frameworks */,
				C8473BF21F62A6CB006ADF73 /* Resources */,
				C8473C0F1F62A948006ADF73 /* Embed Frameworks */,
			);
			buildRules = (
			);
			dependencies = (
			);
			name = TestTNT;
			productName = TestTNT;
			productReference = C8473BF41F62A6CB006ADF73 /* TestTNT.app */;
			productType = "com.apple.product-type.application";
		};
/* End PBXNativeTarget section */

/* Begin PBXProject section */
		C8473BEC1F62A6CB006ADF73 /* Project object */ = {
			isa = PBXProject;
			attributes = {
				LastSwiftUpdateCheck = 0830;
				LastUpgradeCheck = 0830;
				ORGANIZATIONNAME = "Off-Piste";
				TargetAttributes = {
					C8473BF31F62A6CB006ADF73 = {
						CreatedOnToolsVersion = 8.3.3;
						DevelopmentTeam = FVT8X28ANV;
						ProvisioningStyle = Automatic;
					};
				};
			};
			buildConfigurationList = C8473BEF1F62A6CB006ADF73 /* Build configuration list for PBXProject "TestTNT" */;
			compatibilityVersion = "Xcode 3.2";
			developmentRegion = English;
			hasScannedForEncodings = 0;
			knownRegions = (
				en,
				Base,
			);
			mainGroup = C8473BEB1F62A6CB006ADF73;
			productRefGroup = C8473BF51F62A6CB006ADF73 /* Products */;
			projectDirPath = "";
			projectRoot = "";
			targets = (
				C8473BF31F62A6CB006ADF73 /* TestTNT */,
			);
		};
/* End PBXProject section */

/* Begin PBXResourcesBuildPhase section */
		C8473BF21F62A6CB006ADF73 /* Resources */ = {
			isa = PBXResourcesBuildPhase;
			buildActionMask = 2147483647;
			files = (
				C8473C021F62A6CB006ADF73 /* LaunchScreen.storyboard in Resources */,
				C8473BFF1F62A6CB006ADF73 /* Assets.xcassets in Resources */,
				C8473BFD1F62A6CB006ADF73 /* Main.storyboard in Resources */,
			);
			runOnlyForDeploymentPostprocessing = 0;
		};
/* End PBXResourcesBuildPhase section */

/* Begin PBXSourcesBuildPhase section */
		C8473BF01F62A6CB006ADF73 /* Sources */ = {
			isa = PBXSourcesBuildPhase;
			buildActionMask = 2147483647;
			files = (
				C8473BFA1F62A6CB006ADF73 /* ViewController.swift in Sources */,
				C8473BF81F62A6CB006ADF73 /* AppDelegate.swift in Sources */,
			);
			runOnlyForDeploymentPostprocessing = 0;
		};
/* End PBXSourcesBuildPhase section */

/* Begin PBXVariantGroup section */
		C8473BFB1F62A6CB006ADF73 /* Main.storyboard */ = {
			isa = PBXVariantGroup;
			children = (
				C8473BFC1F62A6CB006ADF73 /* Base */,
			);
			name = Main.storyboard;
			sourceTree = "<group>";
		};
		C8473C001F62A6CB006ADF73 /* LaunchScreen.storyboard */ = {
			isa = PBXVariantGroup;
			children = (
				C8473C011F62A6CB006ADF73 /* Base */,
			);
			name = LaunchScreen.storyboard;
			sourceTree = "<group>";
		};
/* End PBXVariantGroup section */

/* Begin XCBuildConfiguration section */
		C8473C041F62A6CB006ADF73 /* Debug */ = {
			isa = XCBuildConfiguration;
			buildSettings = {
				ALWAYS_SEARCH_USER_PATHS = NO;
				CLANG_ANALYZER_NONNULL = YES;
				CLANG_ANALYZER_NUMBER_OBJECT_CONVERSION = YES_AGGRESSIVE;
				CLANG_CXX_LANGUAGE_STANDARD = "gnu++0x";
				CLANG_CXX_LIBRARY = "libc++";
				CLANG_ENABLE_MODULES = YES;
				CLANG_ENABLE_OBJC_ARC = YES;
				CLANG_WARN_BOOL_CONVERSION = YES;
				CLANG_WARN_CONSTANT_CONVERSION = YES;
				CLANG_WARN_DIRECT_OBJC_ISA_USAGE = YES_ERROR;
				CLANG_WARN_DOCUMENTATION_COMMENTS = YES;
				CLANG_WARN_EMPTY_BODY = YES;
				CLANG_WARN_ENUM_CONVERSION = YES;
				CLANG_WARN_INFINITE_RECURSION = YES;
				CLANG_WARN_INT_CONVERSION = YES;
				CLANG_WARN_OBJC_ROOT_CLASS = YES_ERROR;
				CLANG_WARN_SUSPICIOUS_MOVE = YES;
				CLANG_WARN_UNREACHABLE_CODE = YES;
				CLANG_WARN__DUPLICATE_METHOD_MATCH = YES;
				"CODE_SIGN_IDENTITY[sdk=iphoneos*]" = "iPhone Developer";
				COPY_PHASE_STRIP = NO;
				DEBUG_INFORMATION_FORMAT = dwarf;
				ENABLE_STRICT_OBJC_MSGSEND = YES;
				ENABLE_TESTABILITY = YES;
				GCC_C_LANGUAGE_STANDARD = gnu99;
				GCC_DYNAMIC_NO_PIC = NO;
				GCC_NO_COMMON_BLOCKS = YES;
				GCC_OPTIMIZATION_LEVEL = 0;
				GCC_PREPROCESSOR_DEFINITIONS = (
					"DEBUG=1",
					"$(inherited)",
				);
				GCC_WARN_64_TO_32_BIT_CONVERSION = YES;
				GCC_WARN_ABOUT_RETURN_TYPE = YES_ERROR;
				GCC_WARN_UNDECLARED_SELECTOR = YES;
				GCC_WARN_UNINITIALIZED_AUTOS = YES_AGGRESSIVE;
				GCC_WARN_UNUSED_FUNCTION = YES;
				GCC_WARN_UNUSED_VARIABLE = YES;
				IPHONEOS_DEPLOYMENT_TARGET = 10.3;
				MTL_ENABLE_DEBUG_INFO = YES;
				ONLY_ACTIVE_ARCH = YES;
				SDKROOT = iphoneos;
				SWIFT_ACTIVE_COMPILATION_CONDITIONS = DEBUG;
				SWIFT_OPTIMIZATION_LEVEL = "-Onone";
				TARGETED_DEVICE_FAMILY = "1,2";
			};
			name = Debug;
		};
		C8473C051F62A6CB006ADF73 /* Release */ = {
			isa = XCBuildConfiguration;
			buildSettings = {
				ALWAYS_SEARCH_USER_PATHS = NO;
				CLANG_ANALYZER_NONNULL = YES;
				CLANG_ANALYZER_NUMBER_OBJECT_CONVERSION = YES_AGGRESSIVE;
				CLANG_CXX_LANGUAGE_STANDARD = "gnu++0x";
				CLANG_CXX_LIBRARY = "libc++";
				CLANG_ENABLE_MODULES = YES;
				CLANG_ENABLE_OBJC_ARC = YES;
				CLANG_WARN_BOOL_CONVERSION = YES;
				CLANG_WARN_CONSTANT_CONVERSION = YES;
				CLANG_WARN_DIRECT_OBJC_ISA_USAGE = YES_ERROR;
				CLANG_WARN_DOCUMENTATION_COMMENTS = YES;
				CLANG_WARN_EMPTY_BODY = YES;
				CLANG_WARN_ENUM_CONVERSION = YES;
				CLANG_WARN_INFINITE_RECURSION = YES;
				CLANG_WARN_INT_CONVERSION = YES;
				CLANG_WARN_OBJC_ROOT_CLASS = YES_ERROR;
				CLANG_WARN_SUSPICIOUS_MOVE = YES;
				CLANG_WARN_UNREACHABLE_CODE = YES;
				CLANG_WARN__DUPLICATE_METHOD_MATCH = YES;
				"CODE_SIGN_IDENTITY[sdk=iphoneos*]" = "iPhone Developer";
				COPY_PHASE_STRIP = NO;
				DEBUG_INFORMATION_FORMAT = "dwarf-with-dsym";
				ENABLE_NS_ASSERTIONS = NO;
				ENABLE_STRICT_OBJC_MSGSEND = YES;
				GCC_C_LANGUAGE_STANDARD = gnu99;
				GCC_NO_COMMON_BLOCKS = YES;
				GCC_WARN_64_TO_32_BIT_CONVERSION = YES;
				GCC_WARN_ABOUT_RETURN_TYPE = YES_ERROR;
				GCC_WARN_UNDECLARED_SELECTOR = YES;
				GCC_WARN_UNINITIALIZED_AUTOS = YES_AGGRESSIVE;
				GCC_WARN_UNUSED_FUNCTION = YES;
				GCC_WARN_UNUSED_VARIABLE = YES;
				IPHONEOS_DEPLOYMENT_TARGET = 10.3;
				MTL_ENABLE_DEBUG_INFO = NO;
				SDKROOT = iphoneos;
				SWIFT_OPTIMIZATION_LEVEL = "-Owholemodule";
				TARGETED_DEVICE_FAMILY = "1,2";
				VALIDATE_PRODUCT = YES;
			};
			name = Release;
		};
		C8473C071F62A6CB006ADF73 /* Debug */ = {
			isa = XCBuildConfiguration;
			buildSettings = {
				ASSETCATALOG_COMPILER_APPICON_NAME = AppIcon;
				DEVELOPMENT_TEAM = FVT8X28ANV;
				FRAMEWORK_SEARCH_PATHS = (
					"$(inherited)",
					"$(PROJECT_DIR)/TestTNT",
					"$(PROJECT_DIR)",
				);
				INFOPLIST_FILE = TestTNT/Info.plist;
				LD_RUNPATH_SEARCH_PATHS = "$(inherited) @executable_path/Frameworks";
				PRODUCT_BUNDLE_IDENTIFIER = "io.off-piste.TestTNT";
				PRODUCT_NAME = "$(TARGET_NAME)";
				SWIFT_VERSION = 3.0;
			};
			name = Debug;
		};
		C8473C081F62A6CB006ADF73 /* Release */ = {
			isa = XCBuildConfiguration;
			buildSettings = {
				ASSETCATALOG_COMPILER_APPICON_NAME = AppIcon;
				DEVELOPMENT_TEAM = FVT8X28ANV;
				FRAMEWORK_SEARCH_PATHS = (
					"$(inherited)",
					"$(PROJECT_DIR)/TestTNT",
					"$(PROJECT_DIR)",
				);
				INFOPLIST_FILE = TestTNT/Info.plist;
				LD_RUNPATH_SEARCH_PATHS = "$(inherited) @executable_path/Frameworks";
				PRODUCT_BUNDLE_IDENTIFIER = "io.off-piste.TestTNT";
				PRODUCT_NAME = "$(TARGET_NAME)";
				SWIFT_VERSION = 3.0;
			};
			name = Release;
		};
/* End XCBuildConfiguration section */

/* Begin XCConfigurationList section */
		C8473BEF1F62A6CB006ADF73 /* Build configuration list for PBXProject "TestTNT" */ = {
			isa = XCConfigurationList;
			buildConfigurations = (
				C8473C041F62A6CB006ADF73 /* Debug */,
				C8473C051F62A6CB006ADF73 /* Release */,
			);
			defaultConfigurationIsVisible = 0;
			defaultConfigurationName = Release;
		};
		C8473C061F62A6CB006ADF73 /* Build configuration list for PBXNativeTarget "TestTNT" */ = {
			isa = XCConfigurationList;
			buildConfigurations = (
				C8473C071F62A6CB006ADF73 /* Debug */,
				C8473C081F62A6CB006ADF73 /* Release */,
			);
			defaultConfigurationIsVisible = 0;
		};
/* End XCConfigurationList section */
	};
	rootObject = C8473BEC1F62A6CB006ADF73 /* Project object */;
}
