// !$*UTF8*$!
{
	archiveVersion = 1;
	classes = {
	};
	objectVersion = 46;
	objects = {

/* Begin PBXBuildFile section */
		607FACD61AFB9204008FA782 /* AppDelegate.swift in Sources */ = {isa = PBXBuildFile; fileRef = 607FACD51AFB9204008FA782 /* AppDelegate.swift */; };
		607FACDB1AFB9204008FA782 /* Main.storyboard in Resources */ = {isa = PBXBuildFile; fileRef = 607FACD91AFB9204008FA782 /* Main.storyboard */; };
		607FACDD1AFB9204008FA782 /* Images.xcassets in Resources */ = {isa = PBXBuildFile; fileRef = 607FACDC1AFB9204008FA782 /* Images.xcassets */; };
		607FACE01AFB9204008FA782 /* LaunchScreen.xib in Resources */ = {isa = PBXBuildFile; fileRef = 607FACDE1AFB9204008FA782 /* LaunchScreen.xib */; };
		607FACEC1AFB9204008FA782 /* NetworkCalls_Swift.swift in Sources */ = {isa = PBXBuildFile; fileRef = 607FACEB1AFB9204008FA782 /* NetworkCalls_Swift.swift */; };
		658C6777525650BD65BD6B9D /* Pods_Trolley_Example.framework in Frameworks */ = {isa = PBXBuildFile; fileRef = 28095E8474A8157D21CFC519 /* Pods_Trolley_Example.framework */; };
		C82F3D2A1F0C1CD100C4FD27 /* URL_Objc.m in Sources */ = {isa = PBXBuildFile; fileRef = C82F3D291F0C1CD100C4FD27 /* URL_Objc.m */; };
		C84CF4E41F0B964E00FD9A47 /* Trolley-Config.plist in Resources */ = {isa = PBXBuildFile; fileRef = C8A65C001ED58D1D009A41EC /* Trolley-Config.plist */; };
		C84CF4E71F0B973900FD9A47 /* NetworkCalls-Objc.m in Sources */ = {isa = PBXBuildFile; fileRef = C84CF4E61F0B973900FD9A47 /* NetworkCalls-Objc.m */; };
		C84CF4EB1F0BA2AA00FD9A47 /* Set Up.swift in Sources */ = {isa = PBXBuildFile; fileRef = C84CF4EA1F0BA2AA00FD9A47 /* Set Up.swift */; };
		C84CF5061F0BBBFE00FD9A47 /* SearchCell.swift in Sources */ = {isa = PBXBuildFile; fileRef = C84CF5031F0BBBFE00FD9A47 /* SearchCell.swift */; };
		C84CF5071F0BBBFE00FD9A47 /* SearchedVC.swift in Sources */ = {isa = PBXBuildFile; fileRef = C84CF5041F0BBBFE00FD9A47 /* SearchedVC.swift */; };
		C84CF5081F0BBBFE00FD9A47 /* SearchVC.swift in Sources */ = {isa = PBXBuildFile; fileRef = C84CF5051F0BBBFE00FD9A47 /* SearchVC.swift */; };
		C84CF50E1F0BBC4100FD9A47 /* BasicVC.swift in Sources */ = {isa = PBXBuildFile; fileRef = C84CF50A1F0BBC4100FD9A47 /* BasicVC.swift */; };
		C84CF50F1F0BBC4100FD9A47 /* Cell.swift in Sources */ = {isa = PBXBuildFile; fileRef = C84CF50B1F0BBC4100FD9A47 /* Cell.swift */; };
		C84CF5101F0BBC4100FD9A47 /* Datasource.swift in Sources */ = {isa = PBXBuildFile; fileRef = C84CF50C1F0BBC4100FD9A47 /* Datasource.swift */; };
		C84CF5111F0BBC4100FD9A47 /* NetworkManager.swift in Sources */ = {isa = PBXBuildFile; fileRef = C84CF50D1F0BBC4100FD9A47 /* NetworkManager.swift */; };
		C854BE991F0BDC4B00DBF40A /* URL_Swift.swift in Sources */ = {isa = PBXBuildFile; fileRef = C854BE981F0BDC4B00DBF40A /* URL_Swift.swift */; };
		C87B09F31F0D1708009744CD /* TRLGeolocation_Swift.swift in Sources */ = {isa = PBXBuildFile; fileRef = C87B09F21F0D1708009744CD /* TRLGeolocation_Swift.swift */; };
		C87B09F51F0D1B31009744CD /* TRLGeolocation_Objc.m in Sources */ = {isa = PBXBuildFile; fileRef = C87B09F41F0D1B31009744CD /* TRLGeolocation_Objc.m */; };
		C8A65C011ED58D1D009A41EC /* Trolley-Config.plist in Resources */ = {isa = PBXBuildFile; fileRef = C8A65C001ED58D1D009A41EC /* Trolley-Config.plist */; };
		E3F54B2F8A7CA0E4F7CD50B5 /* Pods_Trolley_Tests.framework in Frameworks */ = {isa = PBXBuildFile; fileRef = 86EF430E201C9047C3311CD8 /* Pods_Trolley_Tests.framework */; };
/* End PBXBuildFile section */

/* Begin PBXContainerItemProxy section */
		607FACE61AFB9204008FA782 /* PBXContainerItemProxy */ = {
			isa = PBXContainerItemProxy;
			containerPortal = 607FACC81AFB9204008FA782 /* Project object */;
			proxyType = 1;
			remoteGlobalIDString = 607FACCF1AFB9204008FA782;
			remoteInfo = Trolley;
		};
/* End PBXContainerItemProxy section */

/* Begin PBXFileReference section */
		021E7C4E4B07911CE084D518 /* LICENSE */ = {isa = PBXFileReference; includeInIndex = 1; lastKnownFileType = text; name = LICENSE; path = ../LICENSE; sourceTree = "<group>"; };
		258AFA98A96BF24620684C63 /* Trolley.podspec */ = {isa = PBXFileReference; includeInIndex = 1; lastKnownFileType = text; name = Trolley.podspec; path = ../Trolley.podspec; sourceTree = "<group>"; xcLanguageSpecificationIdentifier = xcode.lang.ruby; };
		28095E8474A8157D21CFC519 /* Pods_Trolley_Example.framework */ = {isa = PBXFileReference; explicitFileType = wrapper.framework; includeInIndex = 0; path = Pods_Trolley_Example.framework; sourceTree = BUILT_PRODUCTS_DIR; };
		343FAAB3A9DF43688772895F /* README.md */ = {isa = PBXFileReference; includeInIndex = 1; lastKnownFileType = net.daringfireball.markdown; name = README.md; path = ../README.md; sourceTree = "<group>"; };
		4AC9BEA1C108A493EA988E93 /* Pods-Trolley_Tests.debug.xcconfig */ = {isa = PBXFileReference; includeInIndex = 1; lastKnownFileType = text.xcconfig; name = "Pods-Trolley_Tests.debug.xcconfig"; path = "Pods/Target Support Files/Pods-Trolley_Tests/Pods-Trolley_Tests.debug.xcconfig"; sourceTree = "<group>"; };
		607FACD01AFB9204008FA782 /* Trolley_Example.app */ = {isa = PBXFileReference; explicitFileType = wrapper.application; includeInIndex = 0; path = Trolley_Example.app; sourceTree = BUILT_PRODUCTS_DIR; };
		607FACD41AFB9204008FA782 /* Info.plist */ = {isa = PBXFileReference; lastKnownFileType = text.plist.xml; path = Info.plist; sourceTree = "<group>"; };
		607FACD51AFB9204008FA782 /* AppDelegate.swift */ = {isa = PBXFileReference; lastKnownFileType = sourcecode.swift; path = AppDelegate.swift; sourceTree = "<group>"; };
		607FACDA1AFB9204008FA782 /* Base */ = {isa = PBXFileReference; lastKnownFileType = file.storyboard; name = Base; path = Base.lproj/Main.storyboard; sourceTree = "<group>"; };
		607FACDC1AFB9204008FA782 /* Images.xcassets */ = {isa = PBXFileReference; lastKnownFileType = folder.assetcatalog; path = Images.xcassets; sourceTree = "<group>"; };
		607FACDF1AFB9204008FA782 /* Base */ = {isa = PBXFileReference; lastKnownFileType = file.xib; name = Base; path = Base.lproj/LaunchScreen.xib; sourceTree = "<group>"; };
		607FACE51AFB9204008FA782 /* Trolley_Tests.xctest */ = {isa = PBXFileReference; explicitFileType = wrapper.cfbundle; includeInIndex = 0; path = Trolley_Tests.xctest; sourceTree = BUILT_PRODUCTS_DIR; };
		607FACEA1AFB9204008FA782 /* Info.plist */ = {isa = PBXFileReference; lastKnownFileType = text.plist.xml; path = Info.plist; sourceTree = "<group>"; };
		607FACEB1AFB9204008FA782 /* NetworkCalls_Swift.swift */ = {isa = PBXFileReference; lastKnownFileType = sourcecode.swift; path = NetworkCalls_Swift.swift; sourceTree = "<group>"; };
		86EF430E201C9047C3311CD8 /* Pods_Trolley_Tests.framework */ = {isa = PBXFileReference; explicitFileType = wrapper.framework; includeInIndex = 0; path = Pods_Trolley_Tests.framework; sourceTree = BUILT_PRODUCTS_DIR; };
		8D76ADFFC4052395C017B7CE /* Pods-Trolley_Example.release.xcconfig */ = {isa = PBXFileReference; includeInIndex = 1; lastKnownFileType = text.xcconfig; name = "Pods-Trolley_Example.release.xcconfig"; path = "Pods/Target Support Files/Pods-Trolley_Example/Pods-Trolley_Example.release.xcconfig"; sourceTree = "<group>"; };
		C82F3D291F0C1CD100C4FD27 /* URL_Objc.m */ = {isa = PBXFileReference; fileEncoding = 4; lastKnownFileType = sourcecode.c.objc; path = URL_Objc.m; sourceTree = "<group>"; };
		C84CF4E51F0B973900FD9A47 /* Trolley_Tests-Bridging-Header.h */ = {isa = PBXFileReference; lastKnownFileType = sourcecode.c.h; path = "Trolley_Tests-Bridging-Header.h"; sourceTree = "<group>"; };
		C84CF4E61F0B973900FD9A47 /* NetworkCalls-Objc.m */ = {isa = PBXFileReference; fileEncoding = 4; lastKnownFileType = sourcecode.c.objc; path = "NetworkCalls-Objc.m"; sourceTree = "<group>"; };
		C84CF4EA1F0BA2AA00FD9A47 /* Set Up.swift */ = {isa = PBXFileReference; fileEncoding = 4; lastKnownFileType = sourcecode.swift; path = "Set Up.swift"; sourceTree = "<group>"; };
		C84CF5031F0BBBFE00FD9A47 /* SearchCell.swift */ = {isa = PBXFileReference; fileEncoding = 4; lastKnownFileType = sourcecode.swift; path = SearchCell.swift; sourceTree = "<group>"; };
		C84CF5041F0BBBFE00FD9A47 /* SearchedVC.swift */ = {isa = PBXFileReference; fileEncoding = 4; lastKnownFileType = sourcecode.swift; path = SearchedVC.swift; sourceTree = "<group>"; };
		C84CF5051F0BBBFE00FD9A47 /* SearchVC.swift */ = {isa = PBXFileReference; fileEncoding = 4; lastKnownFileType = sourcecode.swift; path = SearchVC.swift; sourceTree = "<group>"; };
		C84CF50A1F0BBC4100FD9A47 /* BasicVC.swift */ = {isa = PBXFileReference; fileEncoding = 4; lastKnownFileType = sourcecode.swift; path = BasicVC.swift; sourceTree = "<group>"; };
		C84CF50B1F0BBC4100FD9A47 /* Cell.swift */ = {isa = PBXFileReference; fileEncoding = 4; lastKnownFileType = sourcecode.swift; path = Cell.swift; sourceTree = "<group>"; };
		C84CF50C1F0BBC4100FD9A47 /* Datasource.swift */ = {isa = PBXFileReference; fileEncoding = 4; lastKnownFileType = sourcecode.swift; path = Datasource.swift; sourceTree = "<group>"; };
		C84CF50D1F0BBC4100FD9A47 /* NetworkManager.swift */ = {isa = PBXFileReference; fileEncoding = 4; lastKnownFileType = sourcecode.swift; path = NetworkManager.swift; sourceTree = "<group>"; };
		C854BE981F0BDC4B00DBF40A /* URL_Swift.swift */ = {isa = PBXFileReference; fileEncoding = 4; lastKnownFileType = sourcecode.swift; path = URL_Swift.swift; sourceTree = "<group>"; };
		C87B09F21F0D1708009744CD /* TRLGeolocation_Swift.swift */ = {isa = PBXFileReference; fileEncoding = 4; lastKnownFileType = sourcecode.swift; path = TRLGeolocation_Swift.swift; sourceTree = "<group>"; };
		C87B09F41F0D1B31009744CD /* TRLGeolocation_Objc.m */ = {isa = PBXFileReference; fileEncoding = 4; lastKnownFileType = sourcecode.c.objc; path = TRLGeolocation_Objc.m; sourceTree = "<group>"; };
		C8A65C001ED58D1D009A41EC /* Trolley-Config.plist */ = {isa = PBXFileReference; fileEncoding = 4; lastKnownFileType = text.plist.xml; path = "Trolley-Config.plist"; sourceTree = "<group>"; };
		C9E97A09BDD0E385AC036DCB /* Pods-Trolley_Example.debug.xcconfig */ = {isa = PBXFileReference; includeInIndex = 1; lastKnownFileType = text.xcconfig; name = "Pods-Trolley_Example.debug.xcconfig"; path = "Pods/Target Support Files/Pods-Trolley_Example/Pods-Trolley_Example.debug.xcconfig"; sourceTree = "<group>"; };
		F68171A0877242EB70CDCF0B /* Pods-Trolley_Tests.release.xcconfig */ = {isa = PBXFileReference; includeInIndex = 1; lastKnownFileType = text.xcconfig; name = "Pods-Trolley_Tests.release.xcconfig"; path = "Pods/Target Support Files/Pods-Trolley_Tests/Pods-Trolley_Tests.release.xcconfig"; sourceTree = "<group>"; };
/* End PBXFileReference section */

/* Begin PBXFrameworksBuildPhase section */
		607FACCD1AFB9204008FA782 /* Frameworks */ = {
			isa = PBXFrameworksBuildPhase;
			buildActionMask = 2147483647;
			files = (
				658C6777525650BD65BD6B9D /* Pods_Trolley_Example.framework in Frameworks */,
			);
			runOnlyForDeploymentPostprocessing = 0;
		};
		607FACE21AFB9204008FA782 /* Frameworks */ = {
			isa = PBXFrameworksBuildPhase;
			buildActionMask = 2147483647;
			files = (
				E3F54B2F8A7CA0E4F7CD50B5 /* Pods_Trolley_Tests.framework in Frameworks */,
			);
			runOnlyForDeploymentPostprocessing = 0;
		};
/* End PBXFrameworksBuildPhase section */

/* Begin PBXGroup section */
		607FACC71AFB9204008FA782 = {
			isa = PBXGroup;
			children = (
				607FACF51AFB993E008FA782 /* Podspec Metadata */,
				607FACD21AFB9204008FA782 /* Example for Trolley */,
				607FACE81AFB9204008FA782 /* Tests */,
				607FACD11AFB9204008FA782 /* Products */,
				EA2C5DCCCC12DE7C13030A16 /* Pods */,
				E166B2A883A1CC46D4FA97D6 /* Frameworks */,
			);
			sourceTree = "<group>";
		};
		607FACD11AFB9204008FA782 /* Products */ = {
			isa = PBXGroup;
			children = (
				607FACD01AFB9204008FA782 /* Trolley_Example.app */,
				607FACE51AFB9204008FA782 /* Trolley_Tests.xctest */,
			);
			name = Products;
			sourceTree = "<group>";
		};
		607FACD21AFB9204008FA782 /* Example for Trolley */ = {
			isa = PBXGroup;
			children = (
				C84CF5091F0BBC4100FD9A47 /* Basic Example */,
				C84CF5021F0BBBFE00FD9A47 /* Search Example */,
				607FACD91AFB9204008FA782 /* Main.storyboard */,
				607FACDC1AFB9204008FA782 /* Images.xcassets */,
				607FACDE1AFB9204008FA782 /* LaunchScreen.xib */,
				607FACD31AFB9204008FA782 /* Supporting Files */,
			);
			name = "Example for Trolley";
			path = Trolley;
			sourceTree = "<group>";
		};
		607FACD31AFB9204008FA782 /* Supporting Files */ = {
			isa = PBXGroup;
			children = (
				C8A65C001ED58D1D009A41EC /* Trolley-Config.plist */,
				607FACD51AFB9204008FA782 /* AppDelegate.swift */,
				607FACD41AFB9204008FA782 /* Info.plist */,
			);
			name = "Supporting Files";
			sourceTree = "<group>";
		};
		607FACE81AFB9204008FA782 /* Tests */ = {
			isa = PBXGroup;
			children = (
				C84CF4E91F0B9C4000FD9A47 /* Swift */,
				C84CF4E81F0B9C3A00FD9A47 /* Objc */,
				607FACE91AFB9204008FA782 /* Supporting Files */,
			);
			path = Tests;
			sourceTree = "<group>";
		};
		607FACE91AFB9204008FA782 /* Supporting Files */ = {
			isa = PBXGroup;
			children = (
				C84CF4EA1F0BA2AA00FD9A47 /* Set Up.swift */,
				C84CF4E51F0B973900FD9A47 /* Trolley_Tests-Bridging-Header.h */,
				607FACEA1AFB9204008FA782 /* Info.plist */,
			);
			name = "Supporting Files";
			sourceTree = "<group>";
		};
		607FACF51AFB993E008FA782 /* Podspec Metadata */ = {
			isa = PBXGroup;
			children = (
				258AFA98A96BF24620684C63 /* Trolley.podspec */,
				343FAAB3A9DF43688772895F /* README.md */,
				021E7C4E4B07911CE084D518 /* LICENSE */,
			);
			name = "Podspec Metadata";
			sourceTree = "<group>";
		};
		C84CF4E81F0B9C3A00FD9A47 /* Objc */ = {
			isa = PBXGroup;
			children = (
				C84CF4E61F0B973900FD9A47 /* NetworkCalls-Objc.m */,
				C87B09F41F0D1B31009744CD /* TRLGeolocation_Objc.m */,
				C82F3D291F0C1CD100C4FD27 /* URL_Objc.m */,
			);
			name = Objc;
			sourceTree = "<group>";
		};
		C84CF4E91F0B9C4000FD9A47 /* Swift */ = {
			isa = PBXGroup;
			children = (
				607FACEB1AFB9204008FA782 /* NetworkCalls_Swift.swift */,
				C87B09F21F0D1708009744CD /* TRLGeolocation_Swift.swift */,
				C854BE981F0BDC4B00DBF40A /* URL_Swift.swift */,
			);
			name = Swift;
			sourceTree = "<group>";
		};
		C84CF5021F0BBBFE00FD9A47 /* Search Example */ = {
			isa = PBXGroup;
			children = (
				C84CF5031F0BBBFE00FD9A47 /* SearchCell.swift */,
				C84CF5041F0BBBFE00FD9A47 /* SearchedVC.swift */,
				C84CF5051F0BBBFE00FD9A47 /* SearchVC.swift */,
			);
			path = "Search Example";
			sourceTree = "<group>";
		};
		C84CF5091F0BBC4100FD9A47 /* Basic Example */ = {
			isa = PBXGroup;
			children = (
				C84CF50A1F0BBC4100FD9A47 /* BasicVC.swift */,
				C84CF50B1F0BBC4100FD9A47 /* Cell.swift */,
				C84CF50C1F0BBC4100FD9A47 /* Datasource.swift */,
				C84CF50D1F0BBC4100FD9A47 /* NetworkManager.swift */,
			);
			path = "Basic Example";
			sourceTree = "<group>";
		};
		E166B2A883A1CC46D4FA97D6 /* Frameworks */ = {
			isa = PBXGroup;
			children = (
				28095E8474A8157D21CFC519 /* Pods_Trolley_Example.framework */,
				86EF430E201C9047C3311CD8 /* Pods_Trolley_Tests.framework */,
			);
			name = Frameworks;
			sourceTree = "<group>";
		};
		EA2C5DCCCC12DE7C13030A16 /* Pods */ = {
			isa = PBXGroup;
			children = (
				C9E97A09BDD0E385AC036DCB /* Pods-Trolley_Example.debug.xcconfig */,
				8D76ADFFC4052395C017B7CE /* Pods-Trolley_Example.release.xcconfig */,
				4AC9BEA1C108A493EA988E93 /* Pods-Trolley_Tests.debug.xcconfig */,
				F68171A0877242EB70CDCF0B /* Pods-Trolley_Tests.release.xcconfig */,
			);
			name = Pods;
			sourceTree = "<group>";
		};
/* End PBXGroup section */

/* Begin PBXNativeTarget section */
		607FACCF1AFB9204008FA782 /* Trolley_Example */ = {
			isa = PBXNativeTarget;
			buildConfigurationList = 607FACEF1AFB9204008FA782 /* Build configuration list for PBXNativeTarget "Trolley_Example" */;
			buildPhases = (
				0EDB6578FE5833422AB5B4BF /* [CP] Check Pods Manifest.lock */,
				607FACCC1AFB9204008FA782 /* Sources */,
				607FACCD1AFB9204008FA782 /* Frameworks */,
				607FACCE1AFB9204008FA782 /* Resources */,
				73EEDFDF09F6048F71A52029 /* [CP] Embed Pods Frameworks */,
				6DB711E3659DD1C8F97031F2 /* [CP] Copy Pods Resources */,
			);
			buildRules = (
			);
			dependencies = (
			);
			name = Trolley_Example;
			productName = Trolley;
			productReference = 607FACD01AFB9204008FA782 /* Trolley_Example.app */;
			productType = "com.apple.product-type.application";
		};
		607FACE41AFB9204008FA782 /* Trolley_Tests */ = {
			isa = PBXNativeTarget;
			buildConfigurationList = 607FACF21AFB9204008FA782 /* Build configuration list for PBXNativeTarget "Trolley_Tests" */;
			buildPhases = (
				03C9D16DE2E75DC7B689BBA6 /* [CP] Check Pods Manifest.lock */,
				607FACE11AFB9204008FA782 /* Sources */,
				607FACE21AFB9204008FA782 /* Frameworks */,
				607FACE31AFB9204008FA782 /* Resources */,
				924D21F08C863536121F9813 /* [CP] Embed Pods Frameworks */,
				D6D1D583AF0F50308FA72E67 /* [CP] Copy Pods Resources */,
			);
			buildRules = (
			);
			dependencies = (
				607FACE71AFB9204008FA782 /* PBXTargetDependency */,
			);
			name = Trolley_Tests;
			productName = Tests;
			productReference = 607FACE51AFB9204008FA782 /* Trolley_Tests.xctest */;
			productType = "com.apple.product-type.bundle.unit-test";
		};
/* End PBXNativeTarget section */

/* Begin PBXProject section */
		607FACC81AFB9204008FA782 /* Project object */ = {
			isa = PBXProject;
			attributes = {
				LastSwiftUpdateCheck = 0720;
				LastUpgradeCheck = 0820;
				ORGANIZATIONNAME = CocoaPods;
				TargetAttributes = {
					607FACCF1AFB9204008FA782 = {
						CreatedOnToolsVersion = 6.3.1;
						DevelopmentTeam = FVT8X28ANV;
						LastSwiftMigration = 0820;
					};
					607FACE41AFB9204008FA782 = {
						CreatedOnToolsVersion = 6.3.1;
						DevelopmentTeam = FVT8X28ANV;
						LastSwiftMigration = 0830;
						TestTargetID = 607FACCF1AFB9204008FA782;
					};
				};
			};
			buildConfigurationList = 607FACCB1AFB9204008FA782 /* Build configuration list for PBXProject "Trolley" */;
			compatibilityVersion = "Xcode 3.2";
			developmentRegion = English;
			hasScannedForEncodings = 0;
			knownRegions = (
				en,
				Base,
			);
			mainGroup = 607FACC71AFB9204008FA782;
			productRefGroup = 607FACD11AFB9204008FA782 /* Products */;
			projectDirPath = "";
			projectRoot = "";
			targets = (
				607FACCF1AFB9204008FA782 /* Trolley_Example */,
				607FACE41AFB9204008FA782 /* Trolley_Tests */,
			);
		};
/* End PBXProject section */

/* Begin PBXResourcesBuildPhase section */
		607FACCE1AFB9204008FA782 /* Resources */ = {
			isa = PBXResourcesBuildPhase;
			buildActionMask = 2147483647;
			files = (
				C8A65C011ED58D1D009A41EC /* Trolley-Config.plist in Resources */,
				607FACDB1AFB9204008FA782 /* Main.storyboard in Resources */,
				607FACE01AFB9204008FA782 /* LaunchScreen.xib in Resources */,
				607FACDD1AFB9204008FA782 /* Images.xcassets in Resources */,
			);
			runOnlyForDeploymentPostprocessing = 0;
		};
		607FACE31AFB9204008FA782 /* Resources */ = {
			isa = PBXResourcesBuildPhase;
			buildActionMask = 2147483647;
			files = (
				C84CF4E41F0B964E00FD9A47 /* Trolley-Config.plist in Resources */,
			);
			runOnlyForDeploymentPostprocessing = 0;
		};
/* End PBXResourcesBuildPhase section */

/* Begin PBXShellScriptBuildPhase section */
		03C9D16DE2E75DC7B689BBA6 /* [CP] Check Pods Manifest.lock */ = {
			isa = PBXShellScriptBuildPhase;
			buildActionMask = 2147483647;
			files = (
			);
			inputPaths = (
			);
			name = "[CP] Check Pods Manifest.lock";
			outputPaths = (
			);
			runOnlyForDeploymentPostprocessing = 0;
			shellPath = /bin/sh;
			shellScript = "diff \"${PODS_ROOT}/../Podfile.lock\" \"${PODS_ROOT}/Manifest.lock\" > /dev/null\nif [ $? != 0 ] ; then\n    # print error to STDERR\n    echo \"error: The sandbox is not in sync with the Podfile.lock. Run 'pod install' or update your CocoaPods installation.\" >&2\n    exit 1\nfi\n";
			showEnvVarsInLog = 0;
		};
		0EDB6578FE5833422AB5B4BF /* [CP] Check Pods Manifest.lock */ = {
			isa = PBXShellScriptBuildPhase;
			buildActionMask = 2147483647;
			files = (
			);
			inputPaths = (
			);
			name = "[CP] Check Pods Manifest.lock";
			outputPaths = (
			);
			runOnlyForDeploymentPostprocessing = 0;
			shellPath = /bin/sh;
			shellScript = "diff \"${PODS_ROOT}/../Podfile.lock\" \"${PODS_ROOT}/Manifest.lock\" > /dev/null\nif [ $? != 0 ] ; then\n    # print error to STDERR\n    echo \"error: The sandbox is not in sync with the Podfile.lock. Run 'pod install' or update your CocoaPods installation.\" >&2\n    exit 1\nfi\n";
			showEnvVarsInLog = 0;
		};
		6DB711E3659DD1C8F97031F2 /* [CP] Copy Pods Resources */ = {
			isa = PBXShellScriptBuildPhase;
			buildActionMask = 2147483647;
			files = (
			);
			inputPaths = (
			);
			name = "[CP] Copy Pods Resources";
			outputPaths = (
			);
			runOnlyForDeploymentPostprocessing = 0;
			shellPath = /bin/sh;
			shellScript = "\"${SRCROOT}/Pods/Target Support Files/Pods-Trolley_Example/Pods-Trolley_Example-resources.sh\"\n";
			showEnvVarsInLog = 0;
		};
		73EEDFDF09F6048F71A52029 /* [CP] Embed Pods Frameworks */ = {
			isa = PBXShellScriptBuildPhase;
			buildActionMask = 2147483647;
			files = (
			);
			inputPaths = (
			);
			name = "[CP] Embed Pods Frameworks";
			outputPaths = (
			);
			runOnlyForDeploymentPostprocessing = 0;
			shellPath = /bin/sh;
			shellScript = "\"${SRCROOT}/Pods/Target Support Files/Pods-Trolley_Example/Pods-Trolley_Example-frameworks.sh\"\n";
			showEnvVarsInLog = 0;
		};
		924D21F08C863536121F9813 /* [CP] Embed Pods Frameworks */ = {
			isa = PBXShellScriptBuildPhase;
			buildActionMask = 2147483647;
			files = (
			);
			inputPaths = (
			);
			name = "[CP] Embed Pods Frameworks";
			outputPaths = (
			);
			runOnlyForDeploymentPostprocessing = 0;
			shellPath = /bin/sh;
			shellScript = "\"${SRCROOT}/Pods/Target Support Files/Pods-Trolley_Tests/Pods-Trolley_Tests-frameworks.sh\"\n";
			showEnvVarsInLog = 0;
		};
		D6D1D583AF0F50308FA72E67 /* [CP] Copy Pods Resources */ = {
			isa = PBXShellScriptBuildPhase;
			buildActionMask = 2147483647;
			files = (
			);
			inputPaths = (
			);
			name = "[CP] Copy Pods Resources";
			outputPaths = (
			);
			runOnlyForDeploymentPostprocessing = 0;
			shellPath = /bin/sh;
			shellScript = "\"${SRCROOT}/Pods/Target Support Files/Pods-Trolley_Tests/Pods-Trolley_Tests-resources.sh\"\n";
			showEnvVarsInLog = 0;
		};
/* End PBXShellScriptBuildPhase section */

/* Begin PBXSourcesBuildPhase section */
		607FACCC1AFB9204008FA782 /* Sources */ = {
			isa = PBXSourcesBuildPhase;
			buildActionMask = 2147483647;
			files = (
				C84CF5081F0BBBFE00FD9A47 /* SearchVC.swift in Sources */,
				607FACD61AFB9204008FA782 /* AppDelegate.swift in Sources */,
				C84CF5071F0BBBFE00FD9A47 /* SearchedVC.swift in Sources */,
				C84CF50E1F0BBC4100FD9A47 /* BasicVC.swift in Sources */,
				C84CF5111F0BBC4100FD9A47 /* NetworkManager.swift in Sources */,
				C84CF5061F0BBBFE00FD9A47 /* SearchCell.swift in Sources */,
				C84CF50F1F0BBC4100FD9A47 /* Cell.swift in Sources */,
				C84CF5101F0BBC4100FD9A47 /* Datasource.swift in Sources */,
			);
			runOnlyForDeploymentPostprocessing = 0;
		};
		607FACE11AFB9204008FA782 /* Sources */ = {
			isa = PBXSourcesBuildPhase;
			buildActionMask = 2147483647;
			files = (
				C82F3D2A1F0C1CD100C4FD27 /* URL_Objc.m in Sources */,
				C87B09F51F0D1B31009744CD /* TRLGeolocation_Objc.m in Sources */,
				C84CF4E71F0B973900FD9A47 /* NetworkCalls-Objc.m in Sources */,
				C854BE991F0BDC4B00DBF40A /* URL_Swift.swift in Sources */,
				C87B09F31F0D1708009744CD /* TRLGeolocation_Swift.swift in Sources */,
				C84CF4EB1F0BA2AA00FD9A47 /* Set Up.swift in Sources */,
				607FACEC1AFB9204008FA782 /* NetworkCalls_Swift.swift in Sources */,
			);
			runOnlyForDeploymentPostprocessing = 0;
		};
/* End PBXSourcesBuildPhase section */

/* Begin PBXTargetDependency section */
		607FACE71AFB9204008FA782 /* PBXTargetDependency */ = {
			isa = PBXTargetDependency;
			target = 607FACCF1AFB9204008FA782 /* Trolley_Example */;
			targetProxy = 607FACE61AFB9204008FA782 /* PBXContainerItemProxy */;
		};
/* End PBXTargetDependency section */

/* Begin PBXVariantGroup section */
		607FACD91AFB9204008FA782 /* Main.storyboard */ = {
			isa = PBXVariantGroup;
			children = (
				607FACDA1AFB9204008FA782 /* Base */,
			);
			name = Main.storyboard;
			sourceTree = "<group>";
		};
		607FACDE1AFB9204008FA782 /* LaunchScreen.xib */ = {
			isa = PBXVariantGroup;
			children = (
				607FACDF1AFB9204008FA782 /* Base */,
			);
			name = LaunchScreen.xib;
			sourceTree = "<group>";
		};
/* End PBXVariantGroup section */

/* Begin XCBuildConfiguration section */
		607FACED1AFB9204008FA782 /* Debug */ = {
			isa = XCBuildConfiguration;
			buildSettings = {
				ALWAYS_SEARCH_USER_PATHS = NO;
				CLANG_CXX_LANGUAGE_STANDARD = "gnu++0x";
				CLANG_CXX_LIBRARY = "libc++";
				CLANG_ENABLE_MODULES = YES;
				CLANG_ENABLE_OBJC_ARC = YES;
				CLANG_WARN_BOOL_CONVERSION = YES;
				CLANG_WARN_CONSTANT_CONVERSION = YES;
				CLANG_WARN_DIRECT_OBJC_ISA_USAGE = YES_ERROR;
				CLANG_WARN_EMPTY_BODY = YES;
				CLANG_WARN_ENUM_CONVERSION = YES;
				CLANG_WARN_INFINITE_RECURSION = YES;
				CLANG_WARN_INT_CONVERSION = YES;
				CLANG_WARN_OBJC_ROOT_CLASS = YES_ERROR;
				CLANG_WARN_SUSPICIOUS_MOVE = YES;
				CLANG_WARN_UNREACHABLE_CODE = YES;
				CLANG_WARN__DUPLICATE_METHOD_MATCH = YES;
				"CODE_SIGN_IDENTITY[sdk=iphoneos*]" = "iPhone Developer";
				COPY_PHASE_STRIP = NO;
				DEBUG_INFORMATION_FORMAT = "dwarf-with-dsym";
				ENABLE_STRICT_OBJC_MSGSEND = YES;
				ENABLE_TESTABILITY = YES;
				GCC_C_LANGUAGE_STANDARD = gnu99;
				GCC_DYNAMIC_NO_PIC = NO;
				GCC_NO_COMMON_BLOCKS = YES;
				GCC_OPTIMIZATION_LEVEL = 0;
				GCC_PREPROCESSOR_DEFINITIONS = (
					"DEBUG=1",
					"$(inherited)",
				);
				GCC_SYMBOLS_PRIVATE_EXTERN = NO;
				GCC_WARN_64_TO_32_BIT_CONVERSION = YES;
				GCC_WARN_ABOUT_RETURN_TYPE = YES_ERROR;
				GCC_WARN_UNDECLARED_SELECTOR = YES;
				GCC_WARN_UNINITIALIZED_AUTOS = YES_AGGRESSIVE;
				GCC_WARN_UNUSED_FUNCTION = YES;
				GCC_WARN_UNUSED_VARIABLE = YES;
				IPHONEOS_DEPLOYMENT_TARGET = 9.0;
				MTL_ENABLE_DEBUG_INFO = YES;
				ONLY_ACTIVE_ARCH = YES;
				SDKROOT = iphoneos;
				SWIFT_OPTIMIZATION_LEVEL = "-Onone";
				SWIFT_VERSION = 3.0;
			};
			name = Debug;
		};
		607FACEE1AFB9204008FA782 /* Release */ = {
			isa = XCBuildConfiguration;
			buildSettings = {
				ALWAYS_SEARCH_USER_PATHS = NO;
				CLANG_CXX_LANGUAGE_STANDARD = "gnu++0x";
				CLANG_CXX_LIBRARY = "libc++";
				CLANG_ENABLE_MODULES = YES;
				CLANG_ENABLE_OBJC_ARC = YES;
				CLANG_WARN_BOOL_CONVERSION = YES;
				CLANG_WARN_CONSTANT_CONVERSION = YES;
				CLANG_WARN_DIRECT_OBJC_ISA_USAGE = YES_ERROR;
				CLANG_WARN_EMPTY_BODY = YES;
				CLANG_WARN_ENUM_CONVERSION = YES;
				CLANG_WARN_INFINITE_RECURSION = YES;
				CLANG_WARN_INT_CONVERSION = YES;
				CLANG_WARN_OBJC_ROOT_CLASS = YES_ERROR;
				CLANG_WARN_SUSPICIOUS_MOVE = YES;
				CLANG_WARN_UNREACHABLE_CODE = YES;
				CLANG_WARN__DUPLICATE_METHOD_MATCH = YES;
				"CODE_SIGN_IDENTITY[sdk=iphoneos*]" = "iPhone Developer";
				COPY_PHASE_STRIP = NO;
				DEBUG_INFORMATION_FORMAT = "dwarf-with-dsym";
				ENABLE_NS_ASSERTIONS = NO;
				ENABLE_STRICT_OBJC_MSGSEND = YES;
				GCC_C_LANGUAGE_STANDARD = gnu99;
				GCC_NO_COMMON_BLOCKS = YES;
				GCC_WARN_64_TO_32_BIT_CONVERSION = YES;
				GCC_WARN_ABOUT_RETURN_TYPE = YES_ERROR;
				GCC_WARN_UNDECLARED_SELECTOR = YES;
				GCC_WARN_UNINITIALIZED_AUTOS = YES_AGGRESSIVE;
				GCC_WARN_UNUSED_FUNCTION = YES;
				GCC_WARN_UNUSED_VARIABLE = YES;
				IPHONEOS_DEPLOYMENT_TARGET = 9.0;
				MTL_ENABLE_DEBUG_INFO = NO;
				SDKROOT = iphoneos;
				SWIFT_OPTIMIZATION_LEVEL = "-Owholemodule";
				SWIFT_VERSION = 3.0;
				VALIDATE_PRODUCT = YES;
			};
			name = Release;
		};
		607FACF01AFB9204008FA782 /* Debug */ = {
			isa = XCBuildConfiguration;
			baseConfigurationReference = C9E97A09BDD0E385AC036DCB /* Pods-Trolley_Example.debug.xcconfig */;
			buildSettings = {
				ASSETCATALOG_COMPILER_APPICON_NAME = AppIcon;
				DEVELOPMENT_TEAM = FVT8X28ANV;
				INFOPLIST_FILE = Trolley/Info.plist;
				LD_RUNPATH_SEARCH_PATHS = "$(inherited) @executable_path/Frameworks";
				MODULE_NAME = ExampleApp;
				PRODUCT_BUNDLE_IDENTIFIER = "org.cocoapods.demo.$(PRODUCT_NAME:rfc1034identifier)";
				PRODUCT_NAME = "$(TARGET_NAME)";
				SWIFT_VERSION = 3.0;
			};
			name = Debug;
		};
		607FACF11AFB9204008FA782 /* Release */ = {
			isa = XCBuildConfiguration;
			baseConfigurationReference = 8D76ADFFC4052395C017B7CE /* Pods-Trolley_Example.release.xcconfig */;
			buildSettings = {
				ASSETCATALOG_COMPILER_APPICON_NAME = AppIcon;
				DEVELOPMENT_TEAM = FVT8X28ANV;
				INFOPLIST_FILE = Trolley/Info.plist;
				LD_RUNPATH_SEARCH_PATHS = "$(inherited) @executable_path/Frameworks";
				MODULE_NAME = ExampleApp;
				PRODUCT_BUNDLE_IDENTIFIER = "org.cocoapods.demo.$(PRODUCT_NAME:rfc1034identifier)";
				PRODUCT_NAME = "$(TARGET_NAME)";
				SWIFT_VERSION = 3.0;
			};
			name = Release;
		};
		607FACF31AFB9204008FA782 /* Debug */ = {
			isa = XCBuildConfiguration;
			baseConfigurationReference = 4AC9BEA1C108A493EA988E93 /* Pods-Trolley_Tests.debug.xcconfig */;
			buildSettings = {
				CLANG_ENABLE_MODULES = YES;
				DEVELOPMENT_TEAM = FVT8X28ANV;
				FRAMEWORK_SEARCH_PATHS = (
					"$(SDKROOT)/Developer/Library/Frameworks",
					"$(inherited)",
				);
				GCC_PREPROCESSOR_DEFINITIONS = (
					"DEBUG=1",
					"$(inherited)",
				);
				INFOPLIST_FILE = Tests/Info.plist;
				LD_RUNPATH_SEARCH_PATHS = "$(inherited) @executable_path/Frameworks @loader_path/Frameworks";
				PRODUCT_BUNDLE_IDENTIFIER = "org.cocoapods.$(PRODUCT_NAME:rfc1034identifier)";
				PRODUCT_NAME = "$(TARGET_NAME)";
				SWIFT_OBJC_BRIDGING_HEADER = "Tests/Trolley_Tests-Bridging-Header.h";
				SWIFT_OPTIMIZATION_LEVEL = "-Onone";
				SWIFT_VERSION = 3.0;
			};
			name = Debug;
		};
		607FACF41AFB9204008FA782 /* Release */ = {
			isa = XCBuildConfiguration;
			baseConfigurationReference = F68171A0877242EB70CDCF0B /* Pods-Trolley_Tests.release.xcconfig */;
			buildSettings = {
				CLANG_ENABLE_MODULES = YES;
				DEVELOPMENT_TEAM = FVT8X28ANV;
				FRAMEWORK_SEARCH_PATHS = (
					"$(SDKROOT)/Developer/Library/Frameworks",
					"$(inherited)",
				);
				INFOPLIST_FILE = Tests/Info.plist;
				LD_RUNPATH_SEARCH_PATHS = "$(inherited) @executable_path/Frameworks @loader_path/Frameworks";
				PRODUCT_BUNDLE_IDENTIFIER = "org.cocoapods.$(PRODUCT_NAME:rfc1034identifier)";
				PRODUCT_NAME = "$(TARGET_NAME)";
				SWIFT_OBJC_BRIDGING_HEADER = "Tests/Trolley_Tests-Bridging-Header.h";
				SWIFT_VERSION = 3.0;
			};
			name = Release;
		};
/* End XCBuildConfiguration section */

/* Begin XCConfigurationList section */
		607FACCB1AFB9204008FA782 /* Build configuration list for PBXProject "Trolley" */ = {
			isa = XCConfigurationList;
			buildConfigurations = (
				607FACED1AFB9204008FA782 /* Debug */,
				607FACEE1AFB9204008FA782 /* Release */,
			);
			defaultConfigurationIsVisible = 0;
			defaultConfigurationName = Release;
		};
		607FACEF1AFB9204008FA782 /* Build configuration list for PBXNativeTarget "Trolley_Example" */ = {
			isa = XCConfigurationList;
			buildConfigurations = (
				607FACF01AFB9204008FA782 /* Debug */,
				607FACF11AFB9204008FA782 /* Release */,
			);
			defaultConfigurationIsVisible = 0;
			defaultConfigurationName = Release;
		};
		607FACF21AFB9204008FA782 /* Build configuration list for PBXNativeTarget "Trolley_Tests" */ = {
			isa = XCConfigurationList;
			buildConfigurations = (
				607FACF31AFB9204008FA782 /* Debug */,
				607FACF41AFB9204008FA782 /* Release */,
			);
			defaultConfigurationIsVisible = 0;
			defaultConfigurationName = Release;
		};
/* End XCConfigurationList section */
	};
	rootObject = 607FACC81AFB9204008FA782 /* Project object */;
}
